// !$*UTF8*$!
{
	archiveVersion = 1;
	classes = {
	};
	objectVersion = 50;
	objects = {

/* Begin PBXBuildFile section */
		A060DDD0220898C900306115 /* AppDelegate.swift in Sources */ = {isa = PBXBuildFile; fileRef = A060DDCF220898C900306115 /* AppDelegate.swift */; };
		A060DDD2220898C900306115 /* ViewController.swift in Sources */ = {isa = PBXBuildFile; fileRef = A060DDD1220898C900306115 /* ViewController.swift */; };
		A060DDD5220898C900306115 /* Main.storyboard in Resources */ = {isa = PBXBuildFile; fileRef = A060DDD3220898C900306115 /* Main.storyboard */; };
		A060DDD7220898C900306115 /* Assets.xcassets in Resources */ = {isa = PBXBuildFile; fileRef = A060DDD6220898C900306115 /* Assets.xcassets */; };
		A060DDDA220898C900306115 /* LaunchScreen.storyboard in Resources */ = {isa = PBXBuildFile; fileRef = A060DDD8220898C900306115 /* LaunchScreen.storyboard */; };
		A060DDE5220898C900306115 /* OneLifeTests.swift in Sources */ = {isa = PBXBuildFile; fileRef = A060DDE4220898C900306115 /* OneLifeTests.swift */; };
		A060DDF0220898C900306115 /* OneLifeUITests.swift in Sources */ = {isa = PBXBuildFile; fileRef = A060DDEF220898C900306115 /* OneLifeUITests.swift */; };
/* End PBXBuildFile section */

/* Begin PBXContainerItemProxy section */
		A060DDE1220898C900306115 /* PBXContainerItemProxy */ = {
			isa = PBXContainerItemProxy;
			containerPortal = A060DDC4220898C900306115 /* Project object */;
			proxyType = 1;
			remoteGlobalIDString = A060DDCB220898C900306115;
			remoteInfo = OneLife;
		};
		A060DDEC220898C900306115 /* PBXContainerItemProxy */ = {
			isa = PBXContainerItemProxy;
			containerPortal = A060DDC4220898C900306115 /* Project object */;
			proxyType = 1;
			remoteGlobalIDString = A060DDCB220898C900306115;
			remoteInfo = OneLife;
		};
/* End PBXContainerItemProxy section */

/* Begin PBXFileReference section */
		A060DDCC220898C900306115 /* OneLife.app */ = {isa = PBXFileReference; explicitFileType = wrapper.application; includeInIndex = 0; path = OneLife.app; sourceTree = BUILT_PRODUCTS_DIR; };
		A060DDCF220898C900306115 /* AppDelegate.swift */ = {isa = PBXFileReference; lastKnownFileType = sourcecode.swift; path = AppDelegate.swift; sourceTree = "<group>"; };
		A060DDD1220898C900306115 /* ViewController.swift */ = {isa = PBXFileReference; lastKnownFileType = sourcecode.swift; path = ViewController.swift; sourceTree = "<group>"; };
		A060DDD4220898C900306115 /* Base */ = {isa = PBXFileReference; lastKnownFileType = file.storyboard; name = Base; path = Base.lproj/Main.storyboard; sourceTree = "<group>"; };
		A060DDD6220898C900306115 /* Assets.xcassets */ = {isa = PBXFileReference; lastKnownFileType = folder.assetcatalog; path = Assets.xcassets; sourceTree = "<group>"; };
		A060DDD9220898C900306115 /* Base */ = {isa = PBXFileReference; lastKnownFileType = file.storyboard; name = Base; path = Base.lproj/LaunchScreen.storyboard; sourceTree = "<group>"; };
		A060DDDB220898C900306115 /* Info.plist */ = {isa = PBXFileReference; lastKnownFileType = text.plist.xml; path = Info.plist; sourceTree = "<group>"; };
		A060DDE0220898C900306115 /* OneLifeTests.xctest */ = {isa = PBXFileReference; explicitFileType = wrapper.cfbundle; includeInIndex = 0; path = OneLifeTests.xctest; sourceTree = BUILT_PRODUCTS_DIR; };
		A060DDE4220898C900306115 /* OneLifeTests.swift */ = {isa = PBXFileReference; lastKnownFileType = sourcecode.swift; path = OneLifeTests.swift; sourceTree = "<group>"; };
		A060DDE6220898C900306115 /* Info.plist */ = {isa = PBXFileReference; lastKnownFileType = text.plist.xml; path = Info.plist; sourceTree = "<group>"; };
		A060DDEB220898C900306115 /* OneLifeUITests.xctest */ = {isa = PBXFileReference; explicitFileType = wrapper.cfbundle; includeInIndex = 0; path = OneLifeUITests.xctest; sourceTree = BUILT_PRODUCTS_DIR; };
		A060DDEF220898C900306115 /* OneLifeUITests.swift */ = {isa = PBXFileReference; lastKnownFileType = sourcecode.swift; path = OneLifeUITests.swift; sourceTree = "<group>"; };
		A060DDF1220898C900306115 /* Info.plist */ = {isa = PBXFileReference; lastKnownFileType = text.plist.xml; path = Info.plist; sourceTree = "<group>"; };
/* End PBXFileReference section */

/* Begin PBXFrameworksBuildPhase section */
		A060DDC9220898C900306115 /* Frameworks */ = {
			isa = PBXFrameworksBuildPhase;
			buildActionMask = 2147483647;
			files = (
			);
			runOnlyForDeploymentPostprocessing = 0;
		};
		A060DDDD220898C900306115 /* Frameworks */ = {
			isa = PBXFrameworksBuildPhase;
			buildActionMask = 2147483647;
			files = (
			);
			runOnlyForDeploymentPostprocessing = 0;
		};
		A060DDE8220898C900306115 /* Frameworks */ = {
			isa = PBXFrameworksBuildPhase;
			buildActionMask = 2147483647;
			files = (
			);
			runOnlyForDeploymentPostprocessing = 0;
		};
/* End PBXFrameworksBuildPhase section */

/* Begin PBXGroup section */
		A060DDC3220898C900306115 = {
			isa = PBXGroup;
			children = (
				A060DDCE220898C900306115 /* OneLife */,
				A060DDE3220898C900306115 /* OneLifeTests */,
				A060DDEE220898C900306115 /* OneLifeUITests */,
				A060DDCD220898C900306115 /* Products */,
			);
			sourceTree = "<group>";
		};
		A060DDCD220898C900306115 /* Products */ = {
			isa = PBXGroup;
			children = (
				A060DDCC220898C900306115 /* OneLife.app */,
				A060DDE0220898C900306115 /* OneLifeTests.xctest */,
				A060DDEB220898C900306115 /* OneLifeUITests.xctest */,
			);
			name = Products;
			sourceTree = "<group>";
		};
		A060DDCE220898C900306115 /* OneLife */ = {
			isa = PBXGroup;
			children = (
				A060DDCF220898C900306115 /* AppDelegate.swift */,
				A060DDD1220898C900306115 /* ViewController.swift */,
				A060DDD3220898C900306115 /* Main.storyboard */,
				A060DDD8220898C900306115 /* LaunchScreen.storyboard */,
				A060DDD6220898C900306115 /* Assets.xcassets */,
				A060DDDB220898C900306115 /* Info.plist */,
			);
			path = OneLife;
			sourceTree = "<group>";
		};
		A060DDE3220898C900306115 /* OneLifeTests */ = {
			isa = PBXGroup;
			children = (
				A060DDE4220898C900306115 /* OneLifeTests.swift */,
				A060DDE6220898C900306115 /* Info.plist */,
			);
			path = OneLifeTests;
			sourceTree = "<group>";
		};
		A060DDEE220898C900306115 /* OneLifeUITests */ = {
			isa = PBXGroup;
			children = (
				A060DDEF220898C900306115 /* OneLifeUITests.swift */,
				A060DDF1220898C900306115 /* Info.plist */,
			);
			path = OneLifeUITests;
			sourceTree = "<group>";
		};
/* End PBXGroup section */

/* Begin PBXNativeTarget section */
		A060DDCB220898C900306115 /* OneLife */ = {
			isa = PBXNativeTarget;
			buildConfigurationList = A060DDF4220898C900306115 /* Build configuration list for PBXNativeTarget "OneLife" */;
			buildPhases = (
				A060DDC8220898C900306115 /* Sources */,
				A060DDC9220898C900306115 /* Frameworks */,
				A060DDCA220898C900306115 /* Resources */,
			);
			buildRules = (
			);
			dependencies = (
			);
			name = OneLife;
			productName = OneLife;
			productReference = A060DDCC220898C900306115 /* OneLife.app */;
			productType = "com.apple.product-type.application";
		};
		A060DDDF220898C900306115 /* OneLifeTests */ = {
			isa = PBXNativeTarget;
			buildConfigurationList = A060DDF7220898C900306115 /* Build configuration list for PBXNativeTarget "OneLifeTests" */;
			buildPhases = (
				A060DDDC220898C900306115 /* Sources */,
				A060DDDD220898C900306115 /* Frameworks */,
				A060DDDE220898C900306115 /* Resources */,
			);
			buildRules = (
			);
			dependencies = (
				A060DDE2220898C900306115 /* PBXTargetDependency */,
			);
			name = OneLifeTests;
			productName = OneLifeTests;
			productReference = A060DDE0220898C900306115 /* OneLifeTests.xctest */;
			productType = "com.apple.product-type.bundle.unit-test";
		};
		A060DDEA220898C900306115 /* OneLifeUITests */ = {
			isa = PBXNativeTarget;
			buildConfigurationList = A060DDFA220898C900306115 /* Build configuration list for PBXNativeTarget "OneLifeUITests" */;
			buildPhases = (
				A060DDE7220898C900306115 /* Sources */,
				A060DDE8220898C900306115 /* Frameworks */,
				A060DDE9220898C900306115 /* Resources */,
			);
			buildRules = (
			);
			dependencies = (
				A060DDED220898C900306115 /* PBXTargetDependency */,
			);
			name = OneLifeUITests;
			productName = OneLifeUITests;
			productReference = A060DDEB220898C900306115 /* OneLifeUITests.xctest */;
			productType = "com.apple.product-type.bundle.ui-testing";
		};
/* End PBXNativeTarget section */

/* Begin PBXProject section */
		A060DDC4220898C900306115 /* Project object */ = {
			isa = PBXProject;
			attributes = {
				LastSwiftUpdateCheck = 1010;
				LastUpgradeCheck = 1010;
				ORGANIZATIONNAME = "Sawyer Shirley";
				TargetAttributes = {
					A060DDCB220898C900306115 = {
						CreatedOnToolsVersion = 10.1;
					};
					A060DDDF220898C900306115 = {
						CreatedOnToolsVersion = 10.1;
						TestTargetID = A060DDCB220898C900306115;
					};
					A060DDEA220898C900306115 = {
						CreatedOnToolsVersion = 10.1;
						TestTargetID = A060DDCB220898C900306115;
					};
				};
			};
			buildConfigurationList = A060DDC7220898C900306115 /* Build configuration list for PBXProject "OneLife" */;
			compatibilityVersion = "Xcode 9.3";
			developmentRegion = en;
			hasScannedForEncodings = 0;
			knownRegions = (
				en,
				Base,
			);
			mainGroup = A060DDC3220898C900306115;
			productRefGroup = A060DDCD220898C900306115 /* Products */;
			projectDirPath = "";
			projectRoot = "";
			targets = (
				A060DDCB220898C900306115 /* OneLife */,
				A060DDDF220898C900306115 /* OneLifeTests */,
				A060DDEA220898C900306115 /* OneLifeUITests */,
			);
		};
/* End PBXProject section */

/* Begin PBXResourcesBuildPhase section */
		A060DDCA220898C900306115 /* Resources */ = {
			isa = PBXResourcesBuildPhase;
			buildActionMask = 2147483647;
			files = (
				A060DDDA220898C900306115 /* LaunchScreen.storyboard in Resources */,
				A060DDD7220898C900306115 /* Assets.xcassets in Resources */,
				A060DDD5220898C900306115 /* Main.storyboard in Resources */,
			);
			runOnlyForDeploymentPostprocessing = 0;
		};
		A060DDDE220898C900306115 /* Resources */ = {
			isa = PBXResourcesBuildPhase;
			buildActionMask = 2147483647;
			files = (
			);
			runOnlyForDeploymentPostprocessing = 0;
		};
		A060DDE9220898C900306115 /* Resources */ = {
			isa = PBXResourcesBuildPhase;
			buildActionMask = 2147483647;
			files = (
			);
			runOnlyForDeploymentPostprocessing = 0;
		};
/* End PBXResourcesBuildPhase section */

/* Begin PBXSourcesBuildPhase section */
		A060DDC8220898C900306115 /* Sources */ = {
			isa = PBXSourcesBuildPhase;
			buildActionMask = 2147483647;
			files = (
				A060DDD2220898C900306115 /* ViewController.swift in Sources */,
				A060DDD0220898C900306115 /* AppDelegate.swift in Sources */,
			);
			runOnlyForDeploymentPostprocessing = 0;
		};
		A060DDDC220898C900306115 /* Sources */ = {
			isa = PBXSourcesBuildPhase;
			buildActionMask = 2147483647;
			files = (
				A060DDE5220898C900306115 /* OneLifeTests.swift in Sources */,
			);
			runOnlyForDeploymentPostprocessing = 0;
		};
		A060DDE7220898C900306115 /* Sources */ = {
			isa = PBXSourcesBuildPhase;
			buildActionMask = 2147483647;
			files = (
				A060DDF0220898C900306115 /* OneLifeUITests.swift in Sources */,
			);
			runOnlyForDeploymentPostprocessing = 0;
		};
/* End PBXSourcesBuildPhase section */

/* Begin PBXTargetDependency section */
		A060DDE2220898C900306115 /* PBXTargetDependency */ = {
			isa = PBXTargetDependency;
			target = A060DDCB220898C900306115 /* OneLife */;
			targetProxy = A060DDE1220898C900306115 /* PBXContainerItemProxy */;
		};
		A060DDED220898C900306115 /* PBXTargetDependency */ = {
			isa = PBXTargetDependency;
			target = A060DDCB220898C900306115 /* OneLife */;
			targetProxy = A060DDEC220898C900306115 /* PBXContainerItemProxy */;
		};
/* End PBXTargetDependency section */

/* Begin PBXVariantGroup section */
		A060DDD3220898C900306115 /* Main.storyboard */ = {
			isa = PBXVariantGroup;
			children = (
				A060DDD4220898C900306115 /* Base */,
			);
			name = Main.storyboard;
			sourceTree = "<group>";
		};
		A060DDD8220898C900306115 /* LaunchScreen.storyboard */ = {
			isa = PBXVariantGroup;
			children = (
				A060DDD9220898C900306115 /* Base */,
			);
			name = LaunchScreen.storyboard;
			sourceTree = "<group>";
		};
/* End PBXVariantGroup section */

/* Begin XCBuildConfiguration section */
		A060DDF2220898C900306115 /* Debug */ = {
			isa = XCBuildConfiguration;
			buildSettings = {
				ALWAYS_SEARCH_USER_PATHS = NO;
				CLANG_ANALYZER_NONNULL = YES;
				CLANG_ANALYZER_NUMBER_OBJECT_CONVERSION = YES_AGGRESSIVE;
				CLANG_CXX_LANGUAGE_STANDARD = "gnu++14";
				CLANG_CXX_LIBRARY = "libc++";
				CLANG_ENABLE_MODULES = YES;
				CLANG_ENABLE_OBJC_ARC = YES;
				CLANG_ENABLE_OBJC_WEAK = YES;
				CLANG_WARN_BLOCK_CAPTURE_AUTORELEASING = YES;
				CLANG_WARN_BOOL_CONVERSION = YES;
				CLANG_WARN_COMMA = YES;
				CLANG_WARN_CONSTANT_CONVERSION = YES;
				CLANG_WARN_DEPRECATED_OBJC_IMPLEMENTATIONS = YES;
				CLANG_WARN_DIRECT_OBJC_ISA_USAGE = YES_ERROR;
				CLANG_WARN_DOCUMENTATION_COMMENTS = YES;
				CLANG_WARN_EMPTY_BODY = YES;
				CLANG_WARN_ENUM_CONVERSION = YES;
				CLANG_WARN_INFINITE_RECURSION = YES;
				CLANG_WARN_INT_CONVERSION = YES;
				CLANG_WARN_NON_LITERAL_NULL_CONVERSION = YES;
				CLANG_WARN_OBJC_IMPLICIT_RETAIN_SELF = YES;
				CLANG_WARN_OBJC_LITERAL_CONVERSION = YES;
				CLANG_WARN_OBJC_ROOT_CLASS = YES_ERROR;
				CLANG_WARN_RANGE_LOOP_ANALYSIS = YES;
				CLANG_WARN_STRICT_PROTOTYPES = YES;
				CLANG_WARN_SUSPICIOUS_MOVE = YES;
				CLANG_WARN_UNGUARDED_AVAILABILITY = YES_AGGRESSIVE;
				CLANG_WARN_UNREACHABLE_CODE = YES;
				CLANG_WARN__DUPLICATE_METHOD_MATCH = YES;
				CODE_SIGN_IDENTITY = "iPhone Developer";
				COPY_PHASE_STRIP = NO;
				DEBUG_INFORMATION_FORMAT = dwarf;
				ENABLE_STRICT_OBJC_MSGSEND = YES;
				ENABLE_TESTABILITY = YES;
				GCC_C_LANGUAGE_STANDARD = gnu11;
				GCC_DYNAMIC_NO_PIC = NO;
				GCC_NO_COMMON_BLOCKS = YES;
				GCC_OPTIMIZATION_LEVEL = 0;
				GCC_PREPROCESSOR_DEFINITIONS = (
					"DEBUG=1",
					"$(inherited)",
				);
				GCC_WARN_64_TO_32_BIT_CONVERSION = YES;
				GCC_WARN_ABOUT_RETURN_TYPE = YES_ERROR;
				GCC_WARN_UNDECLARED_SELECTOR = YES;
				GCC_WARN_UNINITIALIZED_AUTOS = YES_AGGRESSIVE;
				GCC_WARN_UNUSED_FUNCTION = YES;
				GCC_WARN_UNUSED_VARIABLE = YES;
				IPHONEOS_DEPLOYMENT_TARGET = 12.1;
				MTL_ENABLE_DEBUG_INFO = INCLUDE_SOURCE;
				MTL_FAST_MATH = YES;
				ONLY_ACTIVE_ARCH = YES;
				SDKROOT = iphoneos;
				SWIFT_ACTIVE_COMPILATION_CONDITIONS = DEBUG;
				SWIFT_OPTIMIZATION_LEVEL = "-Onone";
			};
			name = Debug;
		};
		A060DDF3220898C900306115 /* Release */ = {
			isa = XCBuildConfiguration;
			buildSettings = {
				ALWAYS_SEARCH_USER_PATHS = NO;
				CLANG_ANALYZER_NONNULL = YES;
				CLANG_ANALYZER_NUMBER_OBJECT_CONVERSION = YES_AGGRESSIVE;
				CLANG_CXX_LANGUAGE_STANDARD = "gnu++14";
				CLANG_CXX_LIBRARY = "libc++";
				CLANG_ENABLE_MODULES = YES;
				CLANG_ENABLE_OBJC_ARC = YES;
				CLANG_ENABLE_OBJC_WEAK = YES;
				CLANG_WARN_BLOCK_CAPTURE_AUTORELEASING = YES;
				CLANG_WARN_BOOL_CONVERSION = YES;
				CLANG_WARN_COMMA = YES;
				CLANG_WARN_CONSTANT_CONVERSION = YES;
				CLANG_WARN_DEPRECATED_OBJC_IMPLEMENTATIONS = YES;
				CLANG_WARN_DIRECT_OBJC_ISA_USAGE = YES_ERROR;
				CLANG_WARN_DOCUMENTATION_COMMENTS = YES;
				CLANG_WARN_EMPTY_BODY = YES;
				CLANG_WARN_ENUM_CONVERSION = YES;
				CLANG_WARN_INFINITE_RECURSION = YES;
				CLANG_WARN_INT_CONVERSION = YES;
				CLANG_WARN_NON_LITERAL_NULL_CONVERSION = YES;
				CLANG_WARN_OBJC_IMPLICIT_RETAIN_SELF = YES;
				CLANG_WARN_OBJC_LITERAL_CONVERSION = YES;
				CLANG_WARN_OBJC_ROOT_CLASS = YES_ERROR;
				CLANG_WARN_RANGE_LOOP_ANALYSIS = YES;
				CLANG_WARN_STRICT_PROTOTYPES = YES;
				CLANG_WARN_SUSPICIOUS_MOVE = YES;
				CLANG_WARN_UNGUARDED_AVAILABILITY = YES_AGGRESSIVE;
				CLANG_WARN_UNREACHABLE_CODE = YES;
				CLANG_WARN__DUPLICATE_METHOD_MATCH = YES;
				CODE_SIGN_IDENTITY = "iPhone Developer";
				COPY_PHASE_STRIP = NO;
				DEBUG_INFORMATION_FORMAT = "dwarf-with-dsym";
				ENABLE_NS_ASSERTIONS = NO;
				ENABLE_STRICT_OBJC_MSGSEND = YES;
				GCC_C_LANGUAGE_STANDARD = gnu11;
				GCC_NO_COMMON_BLOCKS = YES;
				GCC_WARN_64_TO_32_BIT_CONVERSION = YES;
				GCC_WARN_ABOUT_RETURN_TYPE = YES_ERROR;
				GCC_WARN_UNDECLARED_SELECTOR = YES;
				GCC_WARN_UNINITIALIZED_AUTOS = YES_AGGRESSIVE;
				GCC_WARN_UNUSED_FUNCTION = YES;
				GCC_WARN_UNUSED_VARIABLE = YES;
				IPHONEOS_DEPLOYMENT_TARGET = 12.1;
				MTL_ENABLE_DEBUG_INFO = NO;
				MTL_FAST_MATH = YES;
				SDKROOT = iphoneos;
				SWIFT_COMPILATION_MODE = wholemodule;
				SWIFT_OPTIMIZATION_LEVEL = "-O";
				VALIDATE_PRODUCT = YES;
			};
			name = Release;
		};
		A060DDF5220898C900306115 /* Debug */ = {
			isa = XCBuildConfiguration;
			buildSettings = {
				ASSETCATALOG_COMPILER_APPICON_NAME = AppIcon;
				CODE_SIGN_STYLE = Automatic;
				INFOPLIST_FILE = OneLife/Info.plist;
				LD_RUNPATH_SEARCH_PATHS = (
					"$(inherited)",
					"@executable_path/Frameworks",
				);
				PRODUCT_BUNDLE_IDENTIFIER = "Sawyer-Shirley.OneLife";
				PRODUCT_NAME = "$(TARGET_NAME)";
				SWIFT_VERSION = 4.2;
				TARGETED_DEVICE_FAMILY = "1,2";
			};
			name = Debug;
		};
		A060DDF6220898C900306115 /* Release */ = {
			isa = XCBuildConfiguration;
			buildSettings = {
				ASSETCATALOG_COMPILER_APPICON_NAME = AppIcon;
				CODE_SIGN_STYLE = Automatic;
				INFOPLIST_FILE = OneLife/Info.plist;
				LD_RUNPATH_SEARCH_PATHS = (
					"$(inherited)",
					"@executable_path/Frameworks",
				);
				PRODUCT_BUNDLE_IDENTIFIER = "Sawyer-Shirley.OneLife";
				PRODUCT_NAME = "$(TARGET_NAME)";
				SWIFT_VERSION = 4.2;
				TARGETED_DEVICE_FAMILY = "1,2";
			};
			name = Release;
		};
		A060DDF8220898C900306115 /* Debug */ = {
			isa = XCBuildConfiguration;
			buildSettings = {
				ALWAYS_EMBED_SWIFT_STANDARD_LIBRARIES = YES;
				BUNDLE_LOADER = "$(TEST_HOST)";
				CODE_SIGN_STYLE = Automatic;
				INFOPLIST_FILE = OneLifeTests/Info.plist;
				LD_RUNPATH_SEARCH_PATHS = (
					"$(inherited)",
					"@executable_path/Frameworks",
					"@loader_path/Frameworks",
				);
				PRODUCT_BUNDLE_IDENTIFIER = "Sawyer-Shirley.OneLifeTests";
				PRODUCT_NAME = "$(TARGET_NAME)";
				SWIFT_VERSION = 4.2;
				TARGETED_DEVICE_FAMILY = "1,2";
				TEST_HOST = "$(BUILT_PRODUCTS_DIR)/OneLife.app/OneLife";
			};
			name = Debug;
		};
		A060DDF9220898C900306115 /* Release */ = {
			isa = XCBuildConfiguration;
			buildSettings = {
				ALWAYS_EMBED_SWIFT_STANDARD_LIBRARIES = YES;
				BUNDLE_LOADER = "$(TEST_HOST)";
				CODE_SIGN_STYLE = Automatic;
				INFOPLIST_FILE = OneLifeTests/Info.plist;
				LD_RUNPATH_SEARCH_PATHS = (
					"$(inherited)",
					"@executable_path/Frameworks",
					"@loader_path/Frameworks",
				);
				PRODUCT_BUNDLE_IDENTIFIER = "Sawyer-Shirley.OneLifeTests";
				PRODUCT_NAME = "$(TARGET_NAME)";
				SWIFT_VERSION = 4.2;
				TARGETED_DEVICE_FAMILY = "1,2";
				TEST_HOST = "$(BUILT_PRODUCTS_DIR)/OneLife.app/OneLife";
			};
			name = Release;
		};
		A060DDFB220898C900306115 /* Debug */ = {
			isa = XCBuildConfiguration;
			buildSettings = {
				ALWAYS_EMBED_SWIFT_STANDARD_LIBRARIES = YES;
				CODE_SIGN_STYLE = Automatic;
				INFOPLIST_FILE = OneLifeUITests/Info.plist;
				LD_RUNPATH_SEARCH_PATHS = (
					"$(inherited)",
					"@executable_path/Frameworks",
					"@loader_path/Frameworks",
				);
				PRODUCT_BUNDLE_IDENTIFIER = "Sawyer-Shirley.OneLifeUITests";
				PRODUCT_NAME = "$(TARGET_NAME)";
				SWIFT_VERSION = 4.2;
				TARGETED_DEVICE_FAMILY = "1,2";
				TEST_TARGET_NAME = OneLife;
			};
			name = Debug;
		};
		A060DDFC220898C900306115 /* Release */ = {
			isa = XCBuildConfiguration;
			buildSettings = {
				ALWAYS_EMBED_SWIFT_STANDARD_LIBRARIES = YES;
				CODE_SIGN_STYLE = Automatic;
				INFOPLIST_FILE = OneLifeUITests/Info.plist;
				LD_RUNPATH_SEARCH_PATHS = (
					"$(inherited)",
					"@executable_path/Frameworks",
					"@loader_path/Frameworks",
				);
				PRODUCT_BUNDLE_IDENTIFIER = "Sawyer-Shirley.OneLifeUITests";
				PRODUCT_NAME = "$(TARGET_NAME)";
				SWIFT_VERSION = 4.2;
				TARGETED_DEVICE_FAMILY = "1,2";
				TEST_TARGET_NAME = OneLife;
			};
			name = Release;
		};
/* End XCBuildConfiguration section */

/* Begin XCConfigurationList section */
		A060DDC7220898C900306115 /* Build configuration list for PBXProject "OneLife" */ = {
			isa = XCConfigurationList;
			buildConfigurations = (
				A060DDF2220898C900306115 /* Debug */,
				A060DDF3220898C900306115 /* Release */,
			);
			defaultConfigurationIsVisible = 0;
			defaultConfigurationName = Release;
		};
		A060DDF4220898C900306115 /* Build configuration list for PBXNativeTarget "OneLife" */ = {
			isa = XCConfigurationList;
			buildConfigurations = (
				A060DDF5220898C900306115 /* Debug */,
				A060DDF6220898C900306115 /* Release */,
			);
			defaultConfigurationIsVisible = 0;
			defaultConfigurationName = Release;
		};
		A060DDF7220898C900306115 /* Build configuration list for PBXNativeTarget "OneLifeTests" */ = {
			isa = XCConfigurationList;
			buildConfigurations = (
				A060DDF8220898C900306115 /* Debug */,
				A060DDF9220898C900306115 /* Release */,
			);
			defaultConfigurationIsVisible = 0;
			defaultConfigurationName = Release;
		};
		A060DDFA220898C900306115 /* Build configuration list for PBXNativeTarget "OneLifeUITests" */ = {
			isa = XCConfigurationList;
			buildConfigurations = (
				A060DDFB220898C900306115 /* Debug */,
				A060DDFC220898C900306115 /* Release */,
			);
			defaultConfigurationIsVisible = 0;
			defaultConfigurationName = Release;
		};
/* End XCConfigurationList section */
	};
	rootObject = A060DDC4220898C900306115 /* Project object */;
}
